
Microsoft Visual Studio Solution File, Format Version 12.00
# Visual Studio 14
VisualStudioVersion = 14.0.25420.1
MinimumVisualStudioVersion = 10.0.40219.1
Project("{FAE04EC0-301F-11D3-BF4B-00C04F79EFBC}") = "Infra.Data", "Models\Infra.Data.csproj", "{02B95051-4C8E-4D28-AF00-FCEB1EE32A56}"
EndProject
Global
	GlobalSection(SolutionConfigurationPlatforms) = preSolution
		Debug|Any CPU = Debug|Any CPU
		Release|Any CPU = Release|Any CPU
	EndGlobalSection
	GlobalSection(ProjectConfigurationPlatforms) = postSolution
		{02B95051-4C8E-4D28-AF00-FCEB1EE32A56}.Debug|Any CPU.ActiveCfg = Debug|Any CPU
		{02B95051-4C8E-4D28-AF00-FCEB1EE32A56}.Debug|Any CPU.Build.0 = Debug|Any CPU
		{02B95051-4C8E-4D28-AF00-FCEB1EE32A56}.Release|Any CPU.ActiveCfg = Release|Any CPU
		{02B95051-4C8E-4D28-AF00-FCEB1EE32A56}.Release|Any CPU.Build.0 = Release|Any CPU
	EndGlobalSection
	GlobalSection(SolutionProperties) = preSolution
		HideSolutionNode = FALSE
	EndGlobalSection
	GlobalSection(ExtensibilityGlobals) = postSolution
		SolutionGuid = {48E4F811-0BC6-4907-BB60-67CB3085E112}
	EndGlobalSection
EndGlobal
